
Microsoft Visual Studio Solution File, Format Version 12.00
# Visual Studio Version 16
VisualStudioVersion = 16.0.31515.178
MinimumVisualStudioVersion = 10.0.40219.1
Project("{FAE04EC0-301F-11D3-BF4B-00C04F79EFBC}") = "LeetCode", "LeetCode\LeetCode.csproj", "{ECF47B7A-9C62-44C3-8B33-96677D534D60}"
EndProject
Global
	GlobalSection(SolutionConfigurationPlatforms) = preSolution
		Debug|Any CPU = Debug|Any CPU
		Release|Any CPU = Release|Any CPU
	EndGlobalSection
	GlobalSection(ProjectConfigurationPlatforms) = postSolution
		{ECF47B7A-9C62-44C3-8B33-96677D534D60}.Debug|Any CPU.ActiveCfg = Debug|Any CPU
		{ECF47B7A-9C62-44C3-8B33-96677D534D60}.Debug|Any CPU.Build.0 = Debug|Any CPU
		{ECF47B7A-9C62-44C3-8B33-96677D534D60}.Release|Any CPU.ActiveCfg = Release|Any CPU
		{ECF47B7A-9C62-44C3-8B33-96677D534D60}.Release|Any CPU.Build.0 = Release|Any CPU
	EndGlobalSection
	GlobalSection(SolutionProperties) = preSolution
		HideSolutionNode = FALSE
	EndGlobalSection
	GlobalSection(ExtensibilityGlobals) = postSolution
		SolutionGuid = {D838B703-D2C6-4811-9CA1-992F1E206380}
	EndGlobalSection
EndGlobal
