
Microsoft Visual Studio Solution File, Format Version 12.00
# Visual Studio Version 16
VisualStudioVersion = 16.0.31515.178
MinimumVisualStudioVersion = 10.0.40219.1
Project("{FAE04EC0-301F-11D3-BF4B-00C04F79EFBC}") = "Lesson4", "Lesson4\Lesson4.csproj", "{34CB3A1A-EF8C-4AB5-ABA8-272840708E76}"
EndProject
Global
	GlobalSection(SolutionConfigurationPlatforms) = preSolution
		Debug|Any CPU = Debug|Any CPU
		Release|Any CPU = Release|Any CPU
	EndGlobalSection
	GlobalSection(ProjectConfigurationPlatforms) = postSolution
		{34CB3A1A-EF8C-4AB5-ABA8-272840708E76}.Debug|Any CPU.ActiveCfg = Debug|Any CPU
		{34CB3A1A-EF8C-4AB5-ABA8-272840708E76}.Debug|Any CPU.Build.0 = Debug|Any CPU
		{34CB3A1A-EF8C-4AB5-ABA8-272840708E76}.Release|Any CPU.ActiveCfg = Release|Any CPU
		{34CB3A1A-EF8C-4AB5-ABA8-272840708E76}.Release|Any CPU.Build.0 = Release|Any CPU
	EndGlobalSection
	GlobalSection(SolutionProperties) = preSolution
		HideSolutionNode = FALSE
	EndGlobalSection
	GlobalSection(ExtensibilityGlobals) = postSolution
		SolutionGuid = {EB73D8BC-7E80-4B0A-B2BC-ADCBFEAA7653}
	EndGlobalSection
EndGlobal
