
Microsoft Visual Studio Solution File, Format Version 12.00
# Visual Studio Version 16
VisualStudioVersion = 16.0.31515.178
MinimumVisualStudioVersion = 10.0.40219.1
Project("{FAE04EC0-301F-11D3-BF4B-00C04F79EFBC}") = "lesson9_BinarySearch", "lesson9_BinarySearch\lesson9_BinarySearch.csproj", "{939F975C-49B7-4483-AEEE-76C83A3E3111}"
EndProject
Global
	GlobalSection(SolutionConfigurationPlatforms) = preSolution
		Debug|Any CPU = Debug|Any CPU
		Release|Any CPU = Release|Any CPU
	EndGlobalSection
	GlobalSection(ProjectConfigurationPlatforms) = postSolution
		{939F975C-49B7-4483-AEEE-76C83A3E3111}.Debug|Any CPU.ActiveCfg = Debug|Any CPU
		{939F975C-49B7-4483-AEEE-76C83A3E3111}.Debug|Any CPU.Build.0 = Debug|Any CPU
		{939F975C-49B7-4483-AEEE-76C83A3E3111}.Release|Any CPU.ActiveCfg = Release|Any CPU
		{939F975C-49B7-4483-AEEE-76C83A3E3111}.Release|Any CPU.Build.0 = Release|Any CPU
	EndGlobalSection
	GlobalSection(SolutionProperties) = preSolution
		HideSolutionNode = FALSE
	EndGlobalSection
	GlobalSection(ExtensibilityGlobals) = postSolution
		SolutionGuid = {6AB0BBF6-1FAB-42F6-A104-5C8A18309D0D}
	EndGlobalSection
EndGlobal
