
Microsoft Visual Studio Solution File, Format Version 12.00
# Visual Studio Version 16
VisualStudioVersion = 16.0.31729.503
MinimumVisualStudioVersion = 10.0.40219.1
Project("{9A19103F-16F7-4668-BE54-9A1E7A4F7556}") = "Lesson3", "Lesson3.csproj", "{BC08448C-B132-418A-955D-C8C0A9935073}"
EndProject
Global
	GlobalSection(SolutionConfigurationPlatforms) = preSolution
		Debug|Any CPU = Debug|Any CPU
		Release|Any CPU = Release|Any CPU
	EndGlobalSection
	GlobalSection(ProjectConfigurationPlatforms) = postSolution
		{BC08448C-B132-418A-955D-C8C0A9935073}.Debug|Any CPU.ActiveCfg = Debug|Any CPU
		{BC08448C-B132-418A-955D-C8C0A9935073}.Debug|Any CPU.Build.0 = Debug|Any CPU
		{BC08448C-B132-418A-955D-C8C0A9935073}.Release|Any CPU.ActiveCfg = Release|Any CPU
		{BC08448C-B132-418A-955D-C8C0A9935073}.Release|Any CPU.Build.0 = Release|Any CPU
	EndGlobalSection
	GlobalSection(SolutionProperties) = preSolution
		HideSolutionNode = FALSE
	EndGlobalSection
	GlobalSection(ExtensibilityGlobals) = postSolution
		SolutionGuid = {9EDFF4F4-4C96-432A-92AC-669AC29D6D60}
	EndGlobalSection
EndGlobal
