
Microsoft Visual Studio Solution File, Format Version 12.00
# Visual Studio Version 16
VisualStudioVersion = 16.0.31515.178
MinimumVisualStudioVersion = 10.0.40219.1
Project("{9A19103F-16F7-4668-BE54-9A1E7A4F7556}") = "Lesson5", "Lesson5\Lesson5.csproj", "{1D36F5F0-C695-414B-BC40-741552CDDE0B}"
EndProject
Global
	GlobalSection(SolutionConfigurationPlatforms) = preSolution
		Debug|Any CPU = Debug|Any CPU
		Release|Any CPU = Release|Any CPU
	EndGlobalSection
	GlobalSection(ProjectConfigurationPlatforms) = postSolution
		{1D36F5F0-C695-414B-BC40-741552CDDE0B}.Debug|Any CPU.ActiveCfg = Debug|Any CPU
		{1D36F5F0-C695-414B-BC40-741552CDDE0B}.Debug|Any CPU.Build.0 = Debug|Any CPU
		{1D36F5F0-C695-414B-BC40-741552CDDE0B}.Release|Any CPU.ActiveCfg = Release|Any CPU
		{1D36F5F0-C695-414B-BC40-741552CDDE0B}.Release|Any CPU.Build.0 = Release|Any CPU
	EndGlobalSection
	GlobalSection(SolutionProperties) = preSolution
		HideSolutionNode = FALSE
	EndGlobalSection
	GlobalSection(ExtensibilityGlobals) = postSolution
		SolutionGuid = {EB73D8BC-7E80-4B0A-B2BC-ADCBFEAA7653}
	EndGlobalSection
EndGlobal
